
Microsoft Visual Studio Solution File, Format Version 12.00
# Visual Studio Version 17
VisualStudioVersion = 17.5.33424.131
MinimumVisualStudioVersion = 10.0.40219.1
Project("{FAE04EC0-301F-11D3-BF4B-00C04F79EFBC}") = "hotelbook", "hotelbook.csproj", "{1D099641-CE3D-49BB-8D38-0F5F665F714D}"
EndProject
Global
	GlobalSection(SolutionConfigurationPlatforms) = preSolution
		Debug|Any CPU = Debug|Any CPU
		Release|Any CPU = Release|Any CPU
	EndGlobalSection
	GlobalSection(ProjectConfigurationPlatforms) = postSolution
		{1D099641-CE3D-49BB-8D38-0F5F665F714D}.Debug|Any CPU.ActiveCfg = Debug|Any CPU
		{1D099641-CE3D-49BB-8D38-0F5F665F714D}.Debug|Any CPU.Build.0 = Debug|Any CPU
		{1D099641-CE3D-49BB-8D38-0F5F665F714D}.Release|Any CPU.ActiveCfg = Release|Any CPU
		{1D099641-CE3D-49BB-8D38-0F5F665F714D}.Release|Any CPU.Build.0 = Release|Any CPU
	EndGlobalSection
	GlobalSection(SolutionProperties) = preSolution
		HideSolutionNode = FALSE
	EndGlobalSection
	GlobalSection(ExtensibilityGlobals) = postSolution
		SolutionGuid = {7DB7F560-B2A3-40DC-A6A9-BD51CBB6E1BF}
	EndGlobalSection
EndGlobal
